NeoBundleLock vim-surround fa433e0b7330753688f715f3be5d10dc480f20e5
NeoBundleLock vim-endwise 96eb11755bb2d1a5583d44e9bcd10481bca45693
NeoBundleLock unite.vim b04e14958d0d7276dcb363f613a4ad331b4c4fc9
NeoBundleLock html5.vim daf9c09f1c77c05adcdc0d81d218474e99104224
NeoBundleLock neocomplete 6362880fad5de338c8af02cb65bb0317d6b7d8bd
NeoBundleLock vim-indent-guides eec1b629dc4cfa3986d20f21d4b4489732cd3f5a
NeoBundleLock vim-railscasts-theme 9035daff38dbbd30229890f26e54d9a7a71deca3
NeoBundleLock cpp-vim ed3fc2cb715f7fb2e0793a8ccae599ec2f322740
NeoBundleLock sass-compile.vim ef6b1cb63927b3d72329dfc098f4db668599fff0
NeoBundleLock vim-coffee-script 827e4a38b07479433b619091469a7495a392df8a
NeoBundleLock tcomment_vim 6175e8310cf0fdda9452aacb69b1162679e5d388
NeoBundleLock vim-fugitive 0374322ba5d85ae44dd9dc44ef31ca015a59097e
NeoBundleLock vimproc 3e055023dfab4f5a4dfa05a834f9d0cb7294a82e
NeoBundleLock nerdtree 4f1e6ecb057fc0bac189171c1430d71ef25f6bb1
NeoBundleLock vim-jade f0ca7b562052a661b35dee50bcf31eeaf8558201
NeoBundleLock vim-golang e6d0c6a72a66af2674b96233c4747661e0f47a8c
NeoBundleLock vim-haml 204e32721154766e03e99ff857bc798aa5b741dc
NeoBundleLock AnsiEsc.vim d2bb7878622e4c16203acf1c92a0f4bc7ac58003
NeoBundleLock vim-rails 075a0100b88489215aaeb4280143ce8a5e8ebc7b
NeoBundleLock neobundle.vim 816d21d99a071cc86ba2ffbb4679dde3b764bed7
NeoBundleLock neomru.vim 4a7bc7c769a9bf1a64046808c00545c77ab582ea
