NeoBundleLock AnsiEsc.vim d2bb7878622e4c16203acf1c92a0f4bc7ac58003
NeoBundleLock ag.vim f05f31352689be245611c893b37652110f27a2c5
NeoBundleLock html5.vim e5f9168812dbb2f32f6180173ea94f957ca5efc8
NeoBundleLock neobundle.vim fd15e35a7a7c4e84ae62981cfa529ae7cc382330
NeoBundleLock neocomplete a076e07555dd057fd0fb121fbe4e5bfa2dd05498
NeoBundleLock neomru.vim e72bef33c7f6af3d17c9968f9ac7bb2fda2a2bde
NeoBundleLock nerdtree a87b1bf3c566c3f80090996a2a2a1201318478a8
NeoBundleLock rust.vim 2450ecf3091cc7c2711ca9f00eae8e3bedd04376
NeoBundleLock sass-compile.vim ef6b1cb63927b3d72329dfc098f4db668599fff0
NeoBundleLock tcomment_vim 7f2adfeb702210cae8e8aa8471bfb2b777d2c3b3
NeoBundleLock vim-coffee-script 32fe889b8cafd3a4921ef8e6485156453ff58c42
NeoBundleLock vim-endwise bba43b831ae0485cf9b86d16340a6a314b927391
NeoBundleLock vim-fugitive 4cc201cbe3a0c3faa4cde1b82ba941d410e5e81c
NeoBundleLock vim-haml 204e32721154766e03e99ff857bc798aa5b741dc
NeoBundleLock vim-indent-guides 184e55848de2304cabc5c03d2afe9b8fd098c58c
NeoBundleLock vim-rails 951a5bc70c4a148812f714504fb68dcbe762cf79
NeoBundleLock vim-railscasts-theme 9035daff38dbbd30229890f26e54d9a7a71deca3
NeoBundleLock vim-slim 0daaa8581f9a9968cebbc7d14ae9acf1625c0389
NeoBundleLock vim-surround 772ab9587b7d1e2c3bae75395c9123803059ba8a
NeoBundleLock vim-tmux-navigator 928a52fbda90ec70b2eb6edaf570654df4521af0
NeoBundleLock vimproc ba4a7139fc8d0247badf0617f11ae1f06a7a6910
